
Microsoft Visual Studio Solution File, Format Version 12.00
# Visual Studio 15
VisualStudioVersion = 15.0.28307.136
MinimumVisualStudioVersion = 10.0.40219.1
Project("{FAE04EC0-301F-11D3-BF4B-00C04F79EFBC}") = "SimpleFileRenamer", "SimpleFileRenamer\SimpleFileRenamer.csproj", "{D00CAF9A-EA24-4EAF-A56C-A373CE4A9BCC}"
EndProject
Global
	GlobalSection(SolutionConfigurationPlatforms) = preSolution
		Debug|Any CPU = Debug|Any CPU
		Release|Any CPU = Release|Any CPU
	EndGlobalSection
	GlobalSection(ProjectConfigurationPlatforms) = postSolution
		{D00CAF9A-EA24-4EAF-A56C-A373CE4A9BCC}.Debug|Any CPU.ActiveCfg = Debug|Any CPU
		{D00CAF9A-EA24-4EAF-A56C-A373CE4A9BCC}.Debug|Any CPU.Build.0 = Debug|Any CPU
		{D00CAF9A-EA24-4EAF-A56C-A373CE4A9BCC}.Release|Any CPU.ActiveCfg = Release|Any CPU
		{D00CAF9A-EA24-4EAF-A56C-A373CE4A9BCC}.Release|Any CPU.Build.0 = Release|Any CPU
	EndGlobalSection
	GlobalSection(SolutionProperties) = preSolution
		HideSolutionNode = FALSE
	EndGlobalSection
	GlobalSection(ExtensibilityGlobals) = postSolution
		SolutionGuid = {24DB1BB2-D951-4851-AABC-4045364B1D1A}
	EndGlobalSection
EndGlobal
